
Microsoft Visual Studio Solution File, Format Version 12.00
# Visual Studio Version 16
VisualStudioVersion = 16.0.30406.217
MinimumVisualStudioVersion = 10.0.40219.1
Project("{8BC9CEB8-8B4A-11D0-8D11-00A0C91BC942}") = "Project3", "Project3\Project3.vcxproj", "{0B612A10-C71D-41A4-B207-FB9E0D0F814B}"
EndProject
Project("{8BC9CEB8-8B4A-11D0-8D11-00A0C91BC942}") = "serialization", "serialization\serialization.vcxproj", "{988B8AB9-F704-472F-B832-3A9FCC4DD32F}"
EndProject
Project("{8BC9CEB8-8B4A-11D0-8D11-00A0C91BC942}") = "UnitTest1", "UnitTest1\UnitTest1.vcxproj", "{05334621-1E61-42F5-AE9A-6D30524A2687}"
EndProject
Project("{8BC9CEB8-8B4A-11D0-8D11-00A0C91BC942}") = "server", "server\server.vcxproj", "{355D8331-E78D-4BF5-BB16-E7DC8850C388}"
EndProject
Project("{8BC9CEB8-8B4A-11D0-8D11-00A0C91BC942}") = "client", "client\client.vcxproj", "{0B26F529-FE14-4F97-8FEB-0CF09E1D3BFB}"
EndProject
Global
	GlobalSection(SolutionConfigurationPlatforms) = preSolution
		Debug|x64 = Debug|x64
		Debug|x86 = Debug|x86
		Release|x64 = Release|x64
		Release|x86 = Release|x86
	EndGlobalSection
	GlobalSection(ProjectConfigurationPlatforms) = postSolution
		{0B612A10-C71D-41A4-B207-FB9E0D0F814B}.Debug|x64.ActiveCfg = Debug|x64
		{0B612A10-C71D-41A4-B207-FB9E0D0F814B}.Debug|x64.Build.0 = Debug|x64
		{0B612A10-C71D-41A4-B207-FB9E0D0F814B}.Debug|x86.ActiveCfg = Debug|Win32
		{0B612A10-C71D-41A4-B207-FB9E0D0F814B}.Debug|x86.Build.0 = Debug|Win32
		{0B612A10-C71D-41A4-B207-FB9E0D0F814B}.Release|x64.ActiveCfg = Release|x64
		{0B612A10-C71D-41A4-B207-FB9E0D0F814B}.Release|x64.Build.0 = Release|x64
		{0B612A10-C71D-41A4-B207-FB9E0D0F814B}.Release|x86.ActiveCfg = Release|Win32
		{0B612A10-C71D-41A4-B207-FB9E0D0F814B}.Release|x86.Build.0 = Release|Win32
		{988B8AB9-F704-472F-B832-3A9FCC4DD32F}.Debug|x64.ActiveCfg = Debug|x64
		{988B8AB9-F704-472F-B832-3A9FCC4DD32F}.Debug|x64.Build.0 = Debug|x64
		{988B8AB9-F704-472F-B832-3A9FCC4DD32F}.Debug|x86.ActiveCfg = Debug|Win32
		{988B8AB9-F704-472F-B832-3A9FCC4DD32F}.Release|x64.ActiveCfg = Release|x64
		{988B8AB9-F704-472F-B832-3A9FCC4DD32F}.Release|x64.Build.0 = Release|x64
		{988B8AB9-F704-472F-B832-3A9FCC4DD32F}.Release|x86.ActiveCfg = Release|Win32
		{05334621-1E61-42F5-AE9A-6D30524A2687}.Debug|x64.ActiveCfg = Debug|x64
		{05334621-1E61-42F5-AE9A-6D30524A2687}.Debug|x64.Build.0 = Debug|x64
		{05334621-1E61-42F5-AE9A-6D30524A2687}.Debug|x86.ActiveCfg = Debug|Win32
		{05334621-1E61-42F5-AE9A-6D30524A2687}.Release|x64.ActiveCfg = Release|x64
		{05334621-1E61-42F5-AE9A-6D30524A2687}.Release|x64.Build.0 = Release|x64
		{05334621-1E61-42F5-AE9A-6D30524A2687}.Release|x86.ActiveCfg = Release|Win32
		{355D8331-E78D-4BF5-BB16-E7DC8850C388}.Debug|x64.ActiveCfg = Debug|x64
		{355D8331-E78D-4BF5-BB16-E7DC8850C388}.Debug|x64.Build.0 = Debug|x64
		{355D8331-E78D-4BF5-BB16-E7DC8850C388}.Debug|x86.ActiveCfg = Debug|Win32
		{355D8331-E78D-4BF5-BB16-E7DC8850C388}.Release|x64.ActiveCfg = Release|x64
		{355D8331-E78D-4BF5-BB16-E7DC8850C388}.Release|x64.Build.0 = Release|x64
		{355D8331-E78D-4BF5-BB16-E7DC8850C388}.Release|x86.ActiveCfg = Release|Win32
		{0B26F529-FE14-4F97-8FEB-0CF09E1D3BFB}.Debug|x64.ActiveCfg = Debug|x64
		{0B26F529-FE14-4F97-8FEB-0CF09E1D3BFB}.Debug|x64.Build.0 = Debug|x64
		{0B26F529-FE14-4F97-8FEB-0CF09E1D3BFB}.Debug|x86.ActiveCfg = Debug|Win32
		{0B26F529-FE14-4F97-8FEB-0CF09E1D3BFB}.Release|x64.ActiveCfg = Release|x64
		{0B26F529-FE14-4F97-8FEB-0CF09E1D3BFB}.Release|x64.Build.0 = Release|x64
		{0B26F529-FE14-4F97-8FEB-0CF09E1D3BFB}.Release|x86.ActiveCfg = Release|Win32
	EndGlobalSection
	GlobalSection(SolutionProperties) = preSolution
		HideSolutionNode = FALSE
	EndGlobalSection
	GlobalSection(ExtensibilityGlobals) = postSolution
		SolutionGuid = {5EA3F08C-2387-428D-80E7-2D2810E55DF6}
	EndGlobalSection
EndGlobal
